// !$*UTF8*$!
{
	archiveVersion = 1;
	classes = {
	};
	objectVersion = 50;
	objects = {

/* Begin PBXBuildFile section */
		871D60A125F5235800F9EE94 /* AppDelegate.swift in Sources */ = {isa = PBXBuildFile; fileRef = 871D60A025F5235800F9EE94 /* AppDelegate.swift */; };
		871D60A325F5235800F9EE94 /* SceneDelegate.swift in Sources */ = {isa = PBXBuildFile; fileRef = 871D60A225F5235800F9EE94 /* SceneDelegate.swift */; };
		871D60AA25F5235900F9EE94 /* Assets.xcassets in Resources */ = {isa = PBXBuildFile; fileRef = 871D60A925F5235900F9EE94 /* Assets.xcassets */; };
		871D60AD25F5235900F9EE94 /* LaunchScreen.storyboard in Resources */ = {isa = PBXBuildFile; fileRef = 871D60AB25F5235900F9EE94 /* LaunchScreen.storyboard */; };
		871D60B725F5250C00F9EE94 /* CoinsListTableViewController.swift in Sources */ = {isa = PBXBuildFile; fileRef = 871D60B625F5250C00F9EE94 /* CoinsListTableViewController.swift */; };
		871D60C225F55EF900F9EE94 /* CustomTableViewCell.swift in Sources */ = {isa = PBXBuildFile; fileRef = 871D60C125F55EF900F9EE94 /* CustomTableViewCell.swift */; };
		871D60C525F5648200F9EE94 /* JSONModel.swift in Sources */ = {isa = PBXBuildFile; fileRef = 871D60C425F5648200F9EE94 /* JSONModel.swift */; };
		871D60CA25F5665900F9EE94 /* UIView+Constraints.swift in Sources */ = {isa = PBXBuildFile; fileRef = 871D60C925F5665900F9EE94 /* UIView+Constraints.swift */; };
		876FCB5125F67A9B0096F519 /* CustomHeaderView.swift in Sources */ = {isa = PBXBuildFile; fileRef = 876FCB5025F67A9B0096F519 /* CustomHeaderView.swift */; };
		876FCB5725F685290096F519 /* NetworkManager.swift in Sources */ = {isa = PBXBuildFile; fileRef = 876FCB5625F685290096F519 /* NetworkManager.swift */; };
		87D2959325F78FFE00499BB4 /* Double+rounded.swift in Sources */ = {isa = PBXBuildFile; fileRef = 87D2959225F78FFE00499BB4 /* Double+rounded.swift */; };
		E959B14925FA24E3007925E1 /* CoinsListTableViewController+NetworkManagerDelegate.swift in Sources */ = {isa = PBXBuildFile; fileRef = E959B14825FA24E2007925E1 /* CoinsListTableViewController+NetworkManagerDelegate.swift */; };
		E959B15425FA5D7B007925E1 /* LoadingTableViewCell.swift in Sources */ = {isa = PBXBuildFile; fileRef = E959B15225FA5D7B007925E1 /* LoadingTableViewCell.swift */; };
		E959B15525FA5D7B007925E1 /* LoadingTableViewCell.xib in Resources */ = {isa = PBXBuildFile; fileRef = E959B15325FA5D7B007925E1 /* LoadingTableViewCell.xib */; };
		E95FC71525F8F16B00470A38 /* ViewCreator.swift in Sources */ = {isa = PBXBuildFile; fileRef = E95FC71425F8F16B00470A38 /* ViewCreator.swift */; };
/* End PBXBuildFile section */

/* Begin PBXFileReference section */
		871D609D25F5235800F9EE94 /* Coins.app */ = {isa = PBXFileReference; explicitFileType = wrapper.application; includeInIndex = 0; path = Coins.app; sourceTree = BUILT_PRODUCTS_DIR; };
		871D60A025F5235800F9EE94 /* AppDelegate.swift */ = {isa = PBXFileReference; lastKnownFileType = sourcecode.swift; path = AppDelegate.swift; sourceTree = "<group>"; };
		871D60A225F5235800F9EE94 /* SceneDelegate.swift */ = {isa = PBXFileReference; lastKnownFileType = sourcecode.swift; path = SceneDelegate.swift; sourceTree = "<group>"; };
		871D60A925F5235900F9EE94 /* Assets.xcassets */ = {isa = PBXFileReference; lastKnownFileType = folder.assetcatalog; path = Assets.xcassets; sourceTree = "<group>"; };
		871D60AC25F5235900F9EE94 /* Base */ = {isa = PBXFileReference; lastKnownFileType = file.storyboard; name = Base; path = Base.lproj/LaunchScreen.storyboard; sourceTree = "<group>"; };
		871D60AE25F5235900F9EE94 /* Info.plist */ = {isa = PBXFileReference; lastKnownFileType = text.plist.xml; path = Info.plist; sourceTree = "<group>"; };
		871D60B625F5250C00F9EE94 /* CoinsListTableViewController.swift */ = {isa = PBXFileReference; lastKnownFileType = sourcecode.swift; path = CoinsListTableViewController.swift; sourceTree = "<group>"; };
		871D60C125F55EF900F9EE94 /* CustomTableViewCell.swift */ = {isa = PBXFileReference; lastKnownFileType = sourcecode.swift; path = CustomTableViewCell.swift; sourceTree = "<group>"; };
		871D60C425F5648200F9EE94 /* JSONModel.swift */ = {isa = PBXFileReference; lastKnownFileType = sourcecode.swift; path = JSONModel.swift; sourceTree = "<group>"; };
		871D60C925F5665900F9EE94 /* UIView+Constraints.swift */ = {isa = PBXFileReference; lastKnownFileType = sourcecode.swift; path = "UIView+Constraints.swift"; sourceTree = "<group>"; };
		876FCB5025F67A9B0096F519 /* CustomHeaderView.swift */ = {isa = PBXFileReference; lastKnownFileType = sourcecode.swift; path = CustomHeaderView.swift; sourceTree = "<group>"; };
		876FCB5625F685290096F519 /* NetworkManager.swift */ = {isa = PBXFileReference; lastKnownFileType = sourcecode.swift; path = NetworkManager.swift; sourceTree = "<group>"; };
		87D2959225F78FFE00499BB4 /* Double+rounded.swift */ = {isa = PBXFileReference; lastKnownFileType = sourcecode.swift; path = "Double+rounded.swift"; sourceTree = "<group>"; };
		E959B14825FA24E2007925E1 /* CoinsListTableViewController+NetworkManagerDelegate.swift */ = {isa = PBXFileReference; lastKnownFileType = sourcecode.swift; path = "CoinsListTableViewController+NetworkManagerDelegate.swift"; sourceTree = "<group>"; };
		E959B15225FA5D7B007925E1 /* LoadingTableViewCell.swift */ = {isa = PBXFileReference; lastKnownFileType = sourcecode.swift; path = LoadingTableViewCell.swift; sourceTree = "<group>"; };
		E959B15325FA5D7B007925E1 /* LoadingTableViewCell.xib */ = {isa = PBXFileReference; lastKnownFileType = file.xib; path = LoadingTableViewCell.xib; sourceTree = "<group>"; };
		E95FC71425F8F16B00470A38 /* ViewCreator.swift */ = {isa = PBXFileReference; lastKnownFileType = sourcecode.swift; path = ViewCreator.swift; sourceTree = "<group>"; };
/* End PBXFileReference section */

/* Begin PBXFrameworksBuildPhase section */
		871D609A25F5235800F9EE94 /* Frameworks */ = {
			isa = PBXFrameworksBuildPhase;
			buildActionMask = 2147483647;
			files = (
			);
			runOnlyForDeploymentPostprocessing = 0;
		};
/* End PBXFrameworksBuildPhase section */

/* Begin PBXGroup section */
		871D609425F5235800F9EE94 = {
			isa = PBXGroup;
			children = (
				871D609F25F5235800F9EE94 /* Coins */,
				871D609E25F5235800F9EE94 /* Products */,
			);
			sourceTree = "<group>";
		};
		871D609E25F5235800F9EE94 /* Products */ = {
			isa = PBXGroup;
			children = (
				871D609D25F5235800F9EE94 /* Coins.app */,
			);
			name = Products;
			sourceTree = "<group>";
		};
		871D609F25F5235800F9EE94 /* Coins */ = {
			isa = PBXGroup;
			children = (
				871D60BD25F5284600F9EE94 /* Views */,
				871D60C725F5648600F9EE94 /* Models */,
				E959B14B25FA2653007925E1 /* Managers */,
				871D60BB25F5281D00F9EE94 /* Delegates */,
				876FCB5425F684920096F519 /* Extensions */,
				871D60BC25F5283100F9EE94 /* Etc */,
			);
			path = Coins;
			sourceTree = "<group>";
		};
		871D60BB25F5281D00F9EE94 /* Delegates */ = {
			isa = PBXGroup;
			children = (
				871D60A025F5235800F9EE94 /* AppDelegate.swift */,
				871D60A225F5235800F9EE94 /* SceneDelegate.swift */,
			);
			path = Delegates;
			sourceTree = "<group>";
		};
		871D60BC25F5283100F9EE94 /* Etc */ = {
			isa = PBXGroup;
			children = (
				871D60A925F5235900F9EE94 /* Assets.xcassets */,
				871D60AB25F5235900F9EE94 /* LaunchScreen.storyboard */,
				871D60AE25F5235900F9EE94 /* Info.plist */,
			);
			path = Etc;
			sourceTree = "<group>";
		};
		871D60BD25F5284600F9EE94 /* Views */ = {
			isa = PBXGroup;
			children = (
				E9DB07BB25FA1F0800D3BAD2 /* CustomViews */,
				E959B14E25FA268C007925E1 /* Controller */,
			);
			path = Views;
			sourceTree = "<group>";
		};
		871D60C725F5648600F9EE94 /* Models */ = {
			isa = PBXGroup;
			children = (
				871D60C425F5648200F9EE94 /* JSONModel.swift */,
			);
			path = Models;
			sourceTree = "<group>";
		};
		876FCB5425F684920096F519 /* Extensions */ = {
			isa = PBXGroup;
			children = (
				871D60C925F5665900F9EE94 /* UIView+Constraints.swift */,
				87D2959225F78FFE00499BB4 /* Double+rounded.swift */,
				E959B14825FA24E2007925E1 /* CoinsListTableViewController+NetworkManagerDelegate.swift */,
			);
			path = Extensions;
			sourceTree = "<group>";
		};
		E959B14B25FA2653007925E1 /* Managers */ = {
			isa = PBXGroup;
			children = (
				876FCB5625F685290096F519 /* NetworkManager.swift */,
				E95FC71425F8F16B00470A38 /* ViewCreator.swift */,
			);
			path = Managers;
			sourceTree = "<group>";
		};
		E959B14E25FA268C007925E1 /* Controller */ = {
			isa = PBXGroup;
			children = (
				871D60B625F5250C00F9EE94 /* CoinsListTableViewController.swift */,
			);
			path = Controller;
			sourceTree = "<group>";
		};
		E9DB07BB25FA1F0800D3BAD2 /* CustomViews */ = {
			isa = PBXGroup;
			children = (
				876FCB5025F67A9B0096F519 /* CustomHeaderView.swift */,
				871D60C125F55EF900F9EE94 /* CustomTableViewCell.swift */,
				E959B15225FA5D7B007925E1 /* LoadingTableViewCell.swift */,
				E959B15325FA5D7B007925E1 /* LoadingTableViewCell.xib */,
			);
			path = CustomViews;
			sourceTree = "<group>";
		};
/* End PBXGroup section */

/* Begin PBXNativeTarget section */
		871D609C25F5235800F9EE94 /* Coins */ = {
			isa = PBXNativeTarget;
			buildConfigurationList = 871D60B125F5235900F9EE94 /* Build configuration list for PBXNativeTarget "Coins" */;
			buildPhases = (
				871D609925F5235800F9EE94 /* Sources */,
				871D609A25F5235800F9EE94 /* Frameworks */,
				871D609B25F5235800F9EE94 /* Resources */,
			);
			buildRules = (
			);
			dependencies = (
			);
			name = Coins;
			productName = Coins;
			productReference = 871D609D25F5235800F9EE94 /* Coins.app */;
			productType = "com.apple.product-type.application";
		};
/* End PBXNativeTarget section */

/* Begin PBXProject section */
		871D609525F5235800F9EE94 /* Project object */ = {
			isa = PBXProject;
			attributes = {
				LastSwiftUpdateCheck = 1240;
				LastUpgradeCheck = 1240;
				TargetAttributes = {
					871D609C25F5235800F9EE94 = {
						CreatedOnToolsVersion = 12.4;
					};
				};
			};
			buildConfigurationList = 871D609825F5235800F9EE94 /* Build configuration list for PBXProject "Coins" */;
			compatibilityVersion = "Xcode 9.3";
			developmentRegion = en;
			hasScannedForEncodings = 0;
			knownRegions = (
				en,
				Base,
			);
			mainGroup = 871D609425F5235800F9EE94;
			productRefGroup = 871D609E25F5235800F9EE94 /* Products */;
			projectDirPath = "";
			projectRoot = "";
			targets = (
				871D609C25F5235800F9EE94 /* Coins */,
			);
		};
/* End PBXProject section */

/* Begin PBXResourcesBuildPhase section */
		871D609B25F5235800F9EE94 /* Resources */ = {
			isa = PBXResourcesBuildPhase;
			buildActionMask = 2147483647;
			files = (
				E959B15525FA5D7B007925E1 /* LoadingTableViewCell.xib in Resources */,
				871D60AD25F5235900F9EE94 /* LaunchScreen.storyboard in Resources */,
				871D60AA25F5235900F9EE94 /* Assets.xcassets in Resources */,
			);
			runOnlyForDeploymentPostprocessing = 0;
		};
/* End PBXResourcesBuildPhase section */

/* Begin PBXSourcesBuildPhase section */
		871D609925F5235800F9EE94 /* Sources */ = {
			isa = PBXSourcesBuildPhase;
			buildActionMask = 2147483647;
			files = (
				871D60C525F5648200F9EE94 /* JSONModel.swift in Sources */,
				876FCB5125F67A9B0096F519 /* CustomHeaderView.swift in Sources */,
				E959B15425FA5D7B007925E1 /* LoadingTableViewCell.swift in Sources */,
				871D60A125F5235800F9EE94 /* AppDelegate.swift in Sources */,
				871D60A325F5235800F9EE94 /* SceneDelegate.swift in Sources */,
				E95FC71525F8F16B00470A38 /* ViewCreator.swift in Sources */,
				E959B14925FA24E3007925E1 /* CoinsListTableViewController+NetworkManagerDelegate.swift in Sources */,
				87D2959325F78FFE00499BB4 /* Double+rounded.swift in Sources */,
				876FCB5725F685290096F519 /* NetworkManager.swift in Sources */,
				871D60CA25F5665900F9EE94 /* UIView+Constraints.swift in Sources */,
				871D60C225F55EF900F9EE94 /* CustomTableViewCell.swift in Sources */,
				871D60B725F5250C00F9EE94 /* CoinsListTableViewController.swift in Sources */,
			);
			runOnlyForDeploymentPostprocessing = 0;
		};
/* End PBXSourcesBuildPhase section */

/* Begin PBXVariantGroup section */
		871D60AB25F5235900F9EE94 /* LaunchScreen.storyboard */ = {
			isa = PBXVariantGroup;
			children = (
				871D60AC25F5235900F9EE94 /* Base */,
			);
			name = LaunchScreen.storyboard;
			sourceTree = "<group>";
		};
/* End PBXVariantGroup section */

/* Begin XCBuildConfiguration section */
		871D60AF25F5235900F9EE94 /* Debug */ = {
			isa = XCBuildConfiguration;
			buildSettings = {
				ALWAYS_SEARCH_USER_PATHS = NO;
				CLANG_ANALYZER_NONNULL = YES;
				CLANG_ANALYZER_NUMBER_OBJECT_CONVERSION = YES_AGGRESSIVE;
				CLANG_CXX_LANGUAGE_STANDARD = "gnu++14";
				CLANG_CXX_LIBRARY = "libc++";
				CLANG_ENABLE_MODULES = YES;
				CLANG_ENABLE_OBJC_ARC = YES;
				CLANG_ENABLE_OBJC_WEAK = YES;
				CLANG_WARN_BLOCK_CAPTURE_AUTORELEASING = YES;
				CLANG_WARN_BOOL_CONVERSION = YES;
				CLANG_WARN_COMMA = YES;
				CLANG_WARN_CONSTANT_CONVERSION = YES;
				CLANG_WARN_DEPRECATED_OBJC_IMPLEMENTATIONS = YES;
				CLANG_WARN_DIRECT_OBJC_ISA_USAGE = YES_ERROR;
				CLANG_WARN_DOCUMENTATION_COMMENTS = YES;
				CLANG_WARN_EMPTY_BODY = YES;
				CLANG_WARN_ENUM_CONVERSION = YES;
				CLANG_WARN_INFINITE_RECURSION = YES;
				CLANG_WARN_INT_CONVERSION = YES;
				CLANG_WARN_NON_LITERAL_NULL_CONVERSION = YES;
				CLANG_WARN_OBJC_IMPLICIT_RETAIN_SELF = YES;
				CLANG_WARN_OBJC_LITERAL_CONVERSION = YES;
				CLANG_WARN_OBJC_ROOT_CLASS = YES_ERROR;
				CLANG_WARN_QUOTED_INCLUDE_IN_FRAMEWORK_HEADER = YES;
				CLANG_WARN_RANGE_LOOP_ANALYSIS = YES;
				CLANG_WARN_STRICT_PROTOTYPES = YES;
				CLANG_WARN_SUSPICIOUS_MOVE = YES;
				CLANG_WARN_UNGUARDED_AVAILABILITY = YES_AGGRESSIVE;
				CLANG_WARN_UNREACHABLE_CODE = YES;
				CLANG_WARN__DUPLICATE_METHOD_MATCH = YES;
				COPY_PHASE_STRIP = NO;
				DEBUG_INFORMATION_FORMAT = dwarf;
				ENABLE_STRICT_OBJC_MSGSEND = YES;
				ENABLE_TESTABILITY = YES;
				GCC_C_LANGUAGE_STANDARD = gnu11;
				GCC_DYNAMIC_NO_PIC = NO;
				GCC_NO_COMMON_BLOCKS = YES;
				GCC_OPTIMIZATION_LEVEL = 0;
				GCC_PREPROCESSOR_DEFINITIONS = (
					"DEBUG=1",
					"$(inherited)",
				);
				GCC_WARN_64_TO_32_BIT_CONVERSION = YES;
				GCC_WARN_ABOUT_RETURN_TYPE = YES_ERROR;
				GCC_WARN_UNDECLARED_SELECTOR = YES;
				GCC_WARN_UNINITIALIZED_AUTOS = YES_AGGRESSIVE;
				GCC_WARN_UNUSED_FUNCTION = YES;
				GCC_WARN_UNUSED_VARIABLE = YES;
				IPHONEOS_DEPLOYMENT_TARGET = 14.4;
				MTL_ENABLE_DEBUG_INFO = INCLUDE_SOURCE;
				MTL_FAST_MATH = YES;
				ONLY_ACTIVE_ARCH = YES;
				SDKROOT = iphoneos;
				SWIFT_ACTIVE_COMPILATION_CONDITIONS = DEBUG;
				SWIFT_OPTIMIZATION_LEVEL = "-Onone";
			};
			name = Debug;
		};
		871D60B025F5235900F9EE94 /* Release */ = {
			isa = XCBuildConfiguration;
			buildSettings = {
				ALWAYS_SEARCH_USER_PATHS = NO;
				CLANG_ANALYZER_NONNULL = YES;
				CLANG_ANALYZER_NUMBER_OBJECT_CONVERSION = YES_AGGRESSIVE;
				CLANG_CXX_LANGUAGE_STANDARD = "gnu++14";
				CLANG_CXX_LIBRARY = "libc++";
				CLANG_ENABLE_MODULES = YES;
				CLANG_ENABLE_OBJC_ARC = YES;
				CLANG_ENABLE_OBJC_WEAK = YES;
				CLANG_WARN_BLOCK_CAPTURE_AUTORELEASING = YES;
				CLANG_WARN_BOOL_CONVERSION = YES;
				CLANG_WARN_COMMA = YES;
				CLANG_WARN_CONSTANT_CONVERSION = YES;
				CLANG_WARN_DEPRECATED_OBJC_IMPLEMENTATIONS = YES;
				CLANG_WARN_DIRECT_OBJC_ISA_USAGE = YES_ERROR;
				CLANG_WARN_DOCUMENTATION_COMMENTS = YES;
				CLANG_WARN_EMPTY_BODY = YES;
				CLANG_WARN_ENUM_CONVERSION = YES;
				CLANG_WARN_INFINITE_RECURSION = YES;
				CLANG_WARN_INT_CONVERSION = YES;
				CLANG_WARN_NON_LITERAL_NULL_CONVERSION = YES;
				CLANG_WARN_OBJC_IMPLICIT_RETAIN_SELF = YES;
				CLANG_WARN_OBJC_LITERAL_CONVERSION = YES;
				CLANG_WARN_OBJC_ROOT_CLASS = YES_ERROR;
				CLANG_WARN_QUOTED_INCLUDE_IN_FRAMEWORK_HEADER = YES;
				CLANG_WARN_RANGE_LOOP_ANALYSIS = YES;
				CLANG_WARN_STRICT_PROTOTYPES = YES;
				CLANG_WARN_SUSPICIOUS_MOVE = YES;
				CLANG_WARN_UNGUARDED_AVAILABILITY = YES_AGGRESSIVE;
				CLANG_WARN_UNREACHABLE_CODE = YES;
				CLANG_WARN__DUPLICATE_METHOD_MATCH = YES;
				COPY_PHASE_STRIP = NO;
				DEBUG_INFORMATION_FORMAT = "dwarf-with-dsym";
				ENABLE_NS_ASSERTIONS = NO;
				ENABLE_STRICT_OBJC_MSGSEND = YES;
				GCC_C_LANGUAGE_STANDARD = gnu11;
				GCC_NO_COMMON_BLOCKS = YES;
				GCC_WARN_64_TO_32_BIT_CONVERSION = YES;
				GCC_WARN_ABOUT_RETURN_TYPE = YES_ERROR;
				GCC_WARN_UNDECLARED_SELECTOR = YES;
				GCC_WARN_UNINITIALIZED_AUTOS = YES_AGGRESSIVE;
				GCC_WARN_UNUSED_FUNCTION = YES;
				GCC_WARN_UNUSED_VARIABLE = YES;
				IPHONEOS_DEPLOYMENT_TARGET = 14.4;
				MTL_ENABLE_DEBUG_INFO = NO;
				MTL_FAST_MATH = YES;
				SDKROOT = iphoneos;
				SWIFT_COMPILATION_MODE = wholemodule;
				SWIFT_OPTIMIZATION_LEVEL = "-O";
				VALIDATE_PRODUCT = YES;
			};
			name = Release;
		};
		871D60B225F5235900F9EE94 /* Debug */ = {
			isa = XCBuildConfiguration;
			buildSettings = {
				ASSETCATALOG_COMPILER_APPICON_NAME = AppIcon;
				ASSETCATALOG_COMPILER_GLOBAL_ACCENT_COLOR_NAME = AccentColor;
				CODE_SIGN_STYLE = Automatic;
				DEVELOPMENT_TEAM = 3S7282465J;
				INFOPLIST_FILE = Coins/Etc/Info.plist;
				IPHONEOS_DEPLOYMENT_TARGET = 13.0;
				LD_RUNPATH_SEARCH_PATHS = (
					"$(inherited)",
					"@executable_path/Frameworks",
				);
				PRODUCT_BUNDLE_IDENTIFIER = maxonDevelopment.Coins;
				PRODUCT_NAME = "$(TARGET_NAME)";
				SWIFT_VERSION = 5.0;
				TARGETED_DEVICE_FAMILY = 1;
			};
			name = Debug;
		};
		871D60B325F5235900F9EE94 /* Release */ = {
			isa = XCBuildConfiguration;
			buildSettings = {
				ASSETCATALOG_COMPILER_APPICON_NAME = AppIcon;
				ASSETCATALOG_COMPILER_GLOBAL_ACCENT_COLOR_NAME = AccentColor;
				CODE_SIGN_STYLE = Automatic;
				DEVELOPMENT_TEAM = 3S7282465J;
				INFOPLIST_FILE = Coins/Etc/Info.plist;
				IPHONEOS_DEPLOYMENT_TARGET = 13.0;
				LD_RUNPATH_SEARCH_PATHS = (
					"$(inherited)",
					"@executable_path/Frameworks",
				);
				PRODUCT_BUNDLE_IDENTIFIER = maxonDevelopment.Coins;
				PRODUCT_NAME = "$(TARGET_NAME)";
				SWIFT_VERSION = 5.0;
				TARGETED_DEVICE_FAMILY = 1;
			};
			name = Release;
		};
/* End XCBuildConfiguration section */

/* Begin XCConfigurationList section */
		871D609825F5235800F9EE94 /* Build configuration list for PBXProject "Coins" */ = {
			isa = XCConfigurationList;
			buildConfigurations = (
				871D60AF25F5235900F9EE94 /* Debug */,
				871D60B025F5235900F9EE94 /* Release */,
			);
			defaultConfigurationIsVisible = 0;
			defaultConfigurationName = Release;
		};
		871D60B125F5235900F9EE94 /* Build configuration list for PBXNativeTarget "Coins" */ = {
			isa = XCConfigurationList;
			buildConfigurations = (
				871D60B225F5235900F9EE94 /* Debug */,
				871D60B325F5235900F9EE94 /* Release */,
			);
			defaultConfigurationIsVisible = 0;
			defaultConfigurationName = Release;
		};
/* End XCConfigurationList section */
	};
	rootObject = 871D609525F5235800F9EE94 /* Project object */;
}
