// !$*UTF8*$!
{
	archiveVersion = 1;
	classes = {
	};
	objectVersion = 50;
	objects = {

/* Begin PBXBuildFile section */
		871D60A125F5235800F9EE94 /* AppDelegate.swift in Sources */ = {isa = PBXBuildFile; fileRef = 871D60A025F5235800F9EE94 /* AppDelegate.swift */; };
		871D60A325F5235800F9EE94 /* SceneDelegate.swift in Sources */ = {isa = PBXBuildFile; fileRef = 871D60A225F5235800F9EE94 /* SceneDelegate.swift */; };
		871D60AA25F5235900F9EE94 /* Assets.xcassets in Resources */ = {isa = PBXBuildFile; fileRef = 871D60A925F5235900F9EE94 /* Assets.xcassets */; };
		871D60AD25F5235900F9EE94 /* LaunchScreen.storyboard in Resources */ = {isa = PBXBuildFile; fileRef = 871D60AB25F5235900F9EE94 /* LaunchScreen.storyboard */; };
		871D60CA25F5665900F9EE94 /* UIView+Constraints.swift in Sources */ = {isa = PBXBuildFile; fileRef = 871D60C925F5665900F9EE94 /* UIView+Constraints.swift */; };
		876FCB5125F67A9B0096F519 /* CurrencyHeaderView.swift in Sources */ = {isa = PBXBuildFile; fileRef = 876FCB5025F67A9B0096F519 /* CurrencyHeaderView.swift */; };
		87D2959325F78FFE00499BB4 /* Double+rounded.swift in Sources */ = {isa = PBXBuildFile; fileRef = 87D2959225F78FFE00499BB4 /* Double+rounded.swift */; };
		AD092064262731E8006A273D /* .gitignore in Resources */ = {isa = PBXBuildFile; fileRef = AD092063262731E8006A273D /* .gitignore */; };
		AD35EF5A26258CBA005E7272 /* RestEndPointType.swift in Sources */ = {isa = PBXBuildFile; fileRef = AD35EF5926258CBA005E7272 /* RestEndPointType.swift */; };
		AD35EF5E26258D24005E7272 /* HTTPMethod.swift in Sources */ = {isa = PBXBuildFile; fileRef = AD35EF5D26258D24005E7272 /* HTTPMethod.swift */; };
		AD35EF652625B80E005E7272 /* CurrencyListCounter.swift in Sources */ = {isa = PBXBuildFile; fileRef = AD35EF642625B80E005E7272 /* CurrencyListCounter.swift */; };
		AD35EF702625F210005E7272 /* CurrencyListConfigurator.swift in Sources */ = {isa = PBXBuildFile; fileRef = AD35EF6F2625F210005E7272 /* CurrencyListConfigurator.swift */; };
		AD35EF742625F290005E7272 /* CurrencyListViewController.swift in Sources */ = {isa = PBXBuildFile; fileRef = AD35EF732625F290005E7272 /* CurrencyListViewController.swift */; };
		AD35EF772625F3B2005E7272 /* CurrencyListPresenter.swift in Sources */ = {isa = PBXBuildFile; fileRef = AD35EF762625F3B2005E7272 /* CurrencyListPresenter.swift */; };
		AD35EF7A2625F949005E7272 /* CurrencyListInteractor.swift in Sources */ = {isa = PBXBuildFile; fileRef = AD35EF792625F949005E7272 /* CurrencyListInteractor.swift */; };
		AD35EF7F2626CE83005E7272 /* CurrencyMainCellModel.swift in Sources */ = {isa = PBXBuildFile; fileRef = AD35EF7E2626CE83005E7272 /* CurrencyMainCellModel.swift */; };
		AD35EF832626D309005E7272 /* CurrencyBaseViewCell.swift in Sources */ = {isa = PBXBuildFile; fileRef = AD35EF822626D309005E7272 /* CurrencyBaseViewCell.swift */; };
		AD35EF872626D4EB005E7272 /* CurrencyMainViewCell.swift in Sources */ = {isa = PBXBuildFile; fileRef = AD35EF862626D4EB005E7272 /* CurrencyMainViewCell.swift */; };
		AD3BF027262DC01E00A2FDB1 /* NetworkService.swift in Sources */ = {isa = PBXBuildFile; fileRef = AD3BF026262DC01E00A2FDB1 /* NetworkService.swift */; };
		AD3BF02B262DC47800A2FDB1 /* Router.swift in Sources */ = {isa = PBXBuildFile; fileRef = AD3BF02A262DC47800A2FDB1 /* Router.swift */; };
		AD3BF02E262DC55C00A2FDB1 /* RequestManager.swift in Sources */ = {isa = PBXBuildFile; fileRef = AD3BF02D262DC55C00A2FDB1 /* RequestManager.swift */; };
		AD3BF036262DDF5F00A2FDB1 /* CurrencyService.swift in Sources */ = {isa = PBXBuildFile; fileRef = AD3BF035262DDF5F00A2FDB1 /* CurrencyService.swift */; };
		AD3BF04E262EF95F00A2FDB1 /* DataReceiverInterface.swift in Sources */ = {isa = PBXBuildFile; fileRef = AD3BF04D262EF95F00A2FDB1 /* DataReceiverInterface.swift */; };
		AD4F454726274B1B009BB030 /* CurrencyListConfiguratorProtocol.swift in Sources */ = {isa = PBXBuildFile; fileRef = AD4F454626274B1B009BB030 /* CurrencyListConfiguratorProtocol.swift */; };
		AD4F454B26274BD6009BB030 /* CurrencyListInteractorProtocol.swift in Sources */ = {isa = PBXBuildFile; fileRef = AD4F454A26274BD6009BB030 /* CurrencyListInteractorProtocol.swift */; };
		AD4F454E26274C11009BB030 /* CurrencyListPresenterProtocol.swift in Sources */ = {isa = PBXBuildFile; fileRef = AD4F454D26274C11009BB030 /* CurrencyListPresenterProtocol.swift */; };
		AD4F455126274C38009BB030 /* CurrencyListViewProtocol.swift in Sources */ = {isa = PBXBuildFile; fileRef = AD4F455026274C38009BB030 /* CurrencyListViewProtocol.swift */; };
		AD76C5F4262496C500DC4B47 /* EndPoint.swift in Sources */ = {isa = PBXBuildFile; fileRef = AD76C5F3262496C500DC4B47 /* EndPoint.swift */; };
		AD76E35626299E7F00328CD0 /* CellIdentifiable.swift in Sources */ = {isa = PBXBuildFile; fileRef = AD76E35526299E7F00328CD0 /* CellIdentifiable.swift */; };
		AD76E35926299E9800328CD0 /* ModelRepresentable.swift in Sources */ = {isa = PBXBuildFile; fileRef = AD76E35826299E9800328CD0 /* ModelRepresentable.swift */; };
		ADA12C1D2628A5DD001A756A /* CurrencyLoadViewCell.swift in Sources */ = {isa = PBXBuildFile; fileRef = ADA12C1C2628A5DD001A756A /* CurrencyLoadViewCell.swift */; };
		ADA12C202628AEB5001A756A /* CurrencyLoadCellModel.swift in Sources */ = {isa = PBXBuildFile; fileRef = ADA12C1F2628AEB5001A756A /* CurrencyLoadCellModel.swift */; };
		ADED9C4D262D6926002F50DA /* CurrencyList.swift in Sources */ = {isa = PBXBuildFile; fileRef = ADED9C4C262D6926002F50DA /* CurrencyList.swift */; };
		ADED9C50262D6936002F50DA /* Currency.swift in Sources */ = {isa = PBXBuildFile; fileRef = ADED9C4F262D6936002F50DA /* Currency.swift */; };
		ADED9C53262D6946002F50DA /* Quote.swift in Sources */ = {isa = PBXBuildFile; fileRef = ADED9C52262D6946002F50DA /* Quote.swift */; };
		ADED9C56262D6954002F50DA /* Usd.swift in Sources */ = {isa = PBXBuildFile; fileRef = ADED9C55262D6954002F50DA /* Usd.swift */; };
		E99ED9AB2626385200881C7E /* BaseCellModel.swift in Sources */ = {isa = PBXBuildFile; fileRef = E99ED9AA2626385200881C7E /* BaseCellModel.swift */; };
/* End PBXBuildFile section */

/* Begin PBXFileReference section */
		871D609D25F5235800F9EE94 /* Coins.app */ = {isa = PBXFileReference; explicitFileType = wrapper.application; includeInIndex = 0; path = Coins.app; sourceTree = BUILT_PRODUCTS_DIR; };
		871D60A025F5235800F9EE94 /* AppDelegate.swift */ = {isa = PBXFileReference; lastKnownFileType = sourcecode.swift; path = AppDelegate.swift; sourceTree = "<group>"; };
		871D60A225F5235800F9EE94 /* SceneDelegate.swift */ = {isa = PBXFileReference; lastKnownFileType = sourcecode.swift; path = SceneDelegate.swift; sourceTree = "<group>"; };
		871D60A925F5235900F9EE94 /* Assets.xcassets */ = {isa = PBXFileReference; lastKnownFileType = folder.assetcatalog; path = Assets.xcassets; sourceTree = "<group>"; };
		871D60AC25F5235900F9EE94 /* Base */ = {isa = PBXFileReference; lastKnownFileType = file.storyboard; name = Base; path = Base.lproj/LaunchScreen.storyboard; sourceTree = "<group>"; };
		871D60AE25F5235900F9EE94 /* Info.plist */ = {isa = PBXFileReference; lastKnownFileType = text.plist.xml; path = Info.plist; sourceTree = "<group>"; };
		871D60C925F5665900F9EE94 /* UIView+Constraints.swift */ = {isa = PBXFileReference; lastKnownFileType = sourcecode.swift; path = "UIView+Constraints.swift"; sourceTree = "<group>"; };
		876FCB5025F67A9B0096F519 /* CurrencyHeaderView.swift */ = {isa = PBXFileReference; lastKnownFileType = sourcecode.swift; path = CurrencyHeaderView.swift; sourceTree = "<group>"; };
		87D2959225F78FFE00499BB4 /* Double+rounded.swift */ = {isa = PBXFileReference; lastKnownFileType = sourcecode.swift; path = "Double+rounded.swift"; sourceTree = "<group>"; };
		AD092063262731E8006A273D /* .gitignore */ = {isa = PBXFileReference; lastKnownFileType = text; path = .gitignore; sourceTree = "<group>"; };
		AD35EF5926258CBA005E7272 /* RestEndPointType.swift */ = {isa = PBXFileReference; lastKnownFileType = sourcecode.swift; path = RestEndPointType.swift; sourceTree = "<group>"; };
		AD35EF5D26258D24005E7272 /* HTTPMethod.swift */ = {isa = PBXFileReference; lastKnownFileType = sourcecode.swift; path = HTTPMethod.swift; sourceTree = "<group>"; };
		AD35EF642625B80E005E7272 /* CurrencyListCounter.swift */ = {isa = PBXFileReference; lastKnownFileType = sourcecode.swift; path = CurrencyListCounter.swift; sourceTree = "<group>"; };
		AD35EF6F2625F210005E7272 /* CurrencyListConfigurator.swift */ = {isa = PBXFileReference; lastKnownFileType = sourcecode.swift; path = CurrencyListConfigurator.swift; sourceTree = "<group>"; };
		AD35EF732625F290005E7272 /* CurrencyListViewController.swift */ = {isa = PBXFileReference; lastKnownFileType = sourcecode.swift; path = CurrencyListViewController.swift; sourceTree = "<group>"; };
		AD35EF762625F3B2005E7272 /* CurrencyListPresenter.swift */ = {isa = PBXFileReference; lastKnownFileType = sourcecode.swift; path = CurrencyListPresenter.swift; sourceTree = "<group>"; };
		AD35EF792625F949005E7272 /* CurrencyListInteractor.swift */ = {isa = PBXFileReference; lastKnownFileType = sourcecode.swift; path = CurrencyListInteractor.swift; sourceTree = "<group>"; };
		AD35EF7E2626CE83005E7272 /* CurrencyMainCellModel.swift */ = {isa = PBXFileReference; lastKnownFileType = sourcecode.swift; path = CurrencyMainCellModel.swift; sourceTree = "<group>"; };
		AD35EF822626D309005E7272 /* CurrencyBaseViewCell.swift */ = {isa = PBXFileReference; lastKnownFileType = sourcecode.swift; path = CurrencyBaseViewCell.swift; sourceTree = "<group>"; };
		AD35EF862626D4EB005E7272 /* CurrencyMainViewCell.swift */ = {isa = PBXFileReference; lastKnownFileType = sourcecode.swift; path = CurrencyMainViewCell.swift; sourceTree = "<group>"; };
		AD3BF026262DC01E00A2FDB1 /* NetworkService.swift */ = {isa = PBXFileReference; lastKnownFileType = sourcecode.swift; path = NetworkService.swift; sourceTree = "<group>"; };
		AD3BF02A262DC47800A2FDB1 /* Router.swift */ = {isa = PBXFileReference; lastKnownFileType = sourcecode.swift; path = Router.swift; sourceTree = "<group>"; };
		AD3BF02D262DC55C00A2FDB1 /* RequestManager.swift */ = {isa = PBXFileReference; lastKnownFileType = sourcecode.swift; path = RequestManager.swift; sourceTree = "<group>"; };
		AD3BF035262DDF5F00A2FDB1 /* CurrencyService.swift */ = {isa = PBXFileReference; lastKnownFileType = sourcecode.swift; path = CurrencyService.swift; sourceTree = "<group>"; };
		AD3BF04D262EF95F00A2FDB1 /* DataReceiverInterface.swift */ = {isa = PBXFileReference; lastKnownFileType = sourcecode.swift; path = DataReceiverInterface.swift; sourceTree = "<group>"; };
		AD4F454626274B1B009BB030 /* CurrencyListConfiguratorProtocol.swift */ = {isa = PBXFileReference; lastKnownFileType = sourcecode.swift; path = CurrencyListConfiguratorProtocol.swift; sourceTree = "<group>"; };
		AD4F454A26274BD6009BB030 /* CurrencyListInteractorProtocol.swift */ = {isa = PBXFileReference; lastKnownFileType = sourcecode.swift; path = CurrencyListInteractorProtocol.swift; sourceTree = "<group>"; };
		AD4F454D26274C11009BB030 /* CurrencyListPresenterProtocol.swift */ = {isa = PBXFileReference; lastKnownFileType = sourcecode.swift; path = CurrencyListPresenterProtocol.swift; sourceTree = "<group>"; };
		AD4F455026274C38009BB030 /* CurrencyListViewProtocol.swift */ = {isa = PBXFileReference; lastKnownFileType = sourcecode.swift; path = CurrencyListViewProtocol.swift; sourceTree = "<group>"; };
		AD76C5F3262496C500DC4B47 /* EndPoint.swift */ = {isa = PBXFileReference; lastKnownFileType = sourcecode.swift; path = EndPoint.swift; sourceTree = "<group>"; };
		AD76E35526299E7F00328CD0 /* CellIdentifiable.swift */ = {isa = PBXFileReference; lastKnownFileType = sourcecode.swift; path = CellIdentifiable.swift; sourceTree = "<group>"; };
		AD76E35826299E9800328CD0 /* ModelRepresentable.swift */ = {isa = PBXFileReference; lastKnownFileType = sourcecode.swift; path = ModelRepresentable.swift; sourceTree = "<group>"; };
		ADA12C1C2628A5DD001A756A /* CurrencyLoadViewCell.swift */ = {isa = PBXFileReference; lastKnownFileType = sourcecode.swift; path = CurrencyLoadViewCell.swift; sourceTree = "<group>"; };
		ADA12C1F2628AEB5001A756A /* CurrencyLoadCellModel.swift */ = {isa = PBXFileReference; lastKnownFileType = sourcecode.swift; path = CurrencyLoadCellModel.swift; sourceTree = "<group>"; };
		ADED9C4C262D6926002F50DA /* CurrencyList.swift */ = {isa = PBXFileReference; lastKnownFileType = sourcecode.swift; path = CurrencyList.swift; sourceTree = "<group>"; };
		ADED9C4F262D6936002F50DA /* Currency.swift */ = {isa = PBXFileReference; lastKnownFileType = sourcecode.swift; path = Currency.swift; sourceTree = "<group>"; };
		ADED9C52262D6946002F50DA /* Quote.swift */ = {isa = PBXFileReference; lastKnownFileType = sourcecode.swift; path = Quote.swift; sourceTree = "<group>"; };
		ADED9C55262D6954002F50DA /* Usd.swift */ = {isa = PBXFileReference; lastKnownFileType = sourcecode.swift; path = Usd.swift; sourceTree = "<group>"; };
		E99ED9AA2626385200881C7E /* BaseCellModel.swift */ = {isa = PBXFileReference; lastKnownFileType = sourcecode.swift; path = BaseCellModel.swift; sourceTree = "<group>"; };
/* End PBXFileReference section */

/* Begin PBXFrameworksBuildPhase section */
		871D609A25F5235800F9EE94 /* Frameworks */ = {
			isa = PBXFrameworksBuildPhase;
			buildActionMask = 2147483647;
			files = (
			);
			runOnlyForDeploymentPostprocessing = 0;
		};
/* End PBXFrameworksBuildPhase section */

/* Begin PBXGroup section */
		871D609425F5235800F9EE94 = {
			isa = PBXGroup;
			children = (
				AD092063262731E8006A273D /* .gitignore */,
				871D609F25F5235800F9EE94 /* Coins */,
				871D609E25F5235800F9EE94 /* Products */,
			);
			sourceTree = "<group>";
		};
		871D609E25F5235800F9EE94 /* Products */ = {
			isa = PBXGroup;
			children = (
				871D609D25F5235800F9EE94 /* Coins.app */,
			);
			name = Products;
			sourceTree = "<group>";
		};
		871D609F25F5235800F9EE94 /* Coins */ = {
			isa = PBXGroup;
			children = (
				AD35EF6E2625F0CA005E7272 /* Modules */,
				E9A9B57C262B407700C4153C /*  Views */,
				AD4F455726274EE3009BB030 /* Network */,
				AD4F455326274D88009BB030 /* Extensions */,
				871D60BB25F5281D00F9EE94 /* Delegates */,
				871D60BC25F5283100F9EE94 /* Resources */,
			);
			path = Coins;
			sourceTree = "<group>";
		};
		871D60BB25F5281D00F9EE94 /* Delegates */ = {
			isa = PBXGroup;
			children = (
				871D60A025F5235800F9EE94 /* AppDelegate.swift */,
				871D60A225F5235800F9EE94 /* SceneDelegate.swift */,
			);
			path = Delegates;
			sourceTree = "<group>";
		};
		871D60BC25F5283100F9EE94 /* Resources */ = {
			isa = PBXGroup;
			children = (
				871D60A925F5235900F9EE94 /* Assets.xcassets */,
				871D60AB25F5235900F9EE94 /* LaunchScreen.storyboard */,
				871D60AE25F5235900F9EE94 /* Info.plist */,
			);
			path = Resources;
			sourceTree = "<group>";
		};
		871D60C725F5648600F9EE94 /* JSONModels */ = {
			isa = PBXGroup;
			children = (
				ADED9C4C262D6926002F50DA /* CurrencyList.swift */,
				ADED9C4F262D6936002F50DA /* Currency.swift */,
				ADED9C52262D6946002F50DA /* Quote.swift */,
				ADED9C55262D6954002F50DA /* Usd.swift */,
			);
			path = JSONModels;
			sourceTree = "<group>";
		};
		AD35EF5826258C7D005E7272 /* EndPointCommon */ = {
			isa = PBXGroup;
			children = (
				AD35EF5926258CBA005E7272 /* RestEndPointType.swift */,
				AD35EF5D26258D24005E7272 /* HTTPMethod.swift */,
				AD35EF642625B80E005E7272 /* CurrencyListCounter.swift */,
			);
			path = EndPointCommon;
			sourceTree = "<group>";
		};
		AD35EF6D2625F0BA005E7272 /* CurrencyList */ = {
			isa = PBXGroup;
			children = (
				AD4F454526274ACF009BB030 /* Interfaces */,
				AD35EF732625F290005E7272 /* CurrencyListViewController.swift */,
				AD35EF762625F3B2005E7272 /* CurrencyListPresenter.swift */,
				AD35EF792625F949005E7272 /* CurrencyListInteractor.swift */,
				AD35EF6F2625F210005E7272 /* CurrencyListConfigurator.swift */,
			);
			path = CurrencyList;
			sourceTree = "<group>";
		};
		AD35EF6E2625F0CA005E7272 /* Modules */ = {
			isa = PBXGroup;
			children = (
				AD35EF6D2625F0BA005E7272 /* CurrencyList */,
			);
			path = Modules;
			sourceTree = "<group>";
		};
		AD35EF812626D2D5005E7272 /* CurrencyCells */ = {
			isa = PBXGroup;
			children = (
				AD35EF822626D309005E7272 /* CurrencyBaseViewCell.swift */,
				AD35EF862626D4EB005E7272 /* CurrencyMainViewCell.swift */,
				ADA12C1C2628A5DD001A756A /* CurrencyLoadViewCell.swift */,
			);
			path = CurrencyCells;
			sourceTree = "<group>";
		};
		AD3BF039262DEF3600A2FDB1 /* Router */ = {
			isa = PBXGroup;
			children = (
				AD3BF02A262DC47800A2FDB1 /* Router.swift */,
				AD3BF02D262DC55C00A2FDB1 /* RequestManager.swift */,
			);
			path = Router;
			sourceTree = "<group>";
		};
		AD3BF03B262DEFD200A2FDB1 /* Services */ = {
			isa = PBXGroup;
			children = (
				AD3BF026262DC01E00A2FDB1 /* NetworkService.swift */,
				AD3BF03C262DEFEB00A2FDB1 /* CurrencyService */,
			);
			path = Services;
			sourceTree = "<group>";
		};
		AD3BF03C262DEFEB00A2FDB1 /* CurrencyService */ = {
			isa = PBXGroup;
			children = (
				AD3BF035262DDF5F00A2FDB1 /* CurrencyService.swift */,
			);
			path = CurrencyService;
			sourceTree = "<group>";
		};
		AD3BF04C262EF86300A2FDB1 /* ServicesInterface */ = {
			isa = PBXGroup;
			children = (
				AD3BF04D262EF95F00A2FDB1 /* DataReceiverInterface.swift */,
			);
			path = ServicesInterface;
			sourceTree = "<group>";
		};
		AD4F454526274ACF009BB030 /* Interfaces */ = {
			isa = PBXGroup;
			children = (
				AD4F455026274C38009BB030 /* CurrencyListViewProtocol.swift */,
				AD4F454D26274C11009BB030 /* CurrencyListPresenterProtocol.swift */,
				AD4F454A26274BD6009BB030 /* CurrencyListInteractorProtocol.swift */,
				AD4F454626274B1B009BB030 /* CurrencyListConfiguratorProtocol.swift */,
			);
			path = Interfaces;
			sourceTree = "<group>";
		};
		AD4F455326274D88009BB030 /* Extensions */ = {
			isa = PBXGroup;
			children = (
				871D60C925F5665900F9EE94 /* UIView+Constraints.swift */,
				87D2959225F78FFE00499BB4 /* Double+rounded.swift */,
			);
			path = Extensions;
			sourceTree = "<group>";
		};
		AD4F455726274EE3009BB030 /* Network */ = {
			isa = PBXGroup;
			children = (
				AD3BF03B262DEFD200A2FDB1 /* Services */,
				AD3BF04C262EF86300A2FDB1 /* ServicesInterface */,
				AD3BF039262DEF3600A2FDB1 /* Router */,
				AD4F4560262755D8009BB030 /* EndPoint */,
				871D60C725F5648600F9EE94 /* JSONModels */,
			);
			path = Network;
			sourceTree = "<group>";
		};
		AD4F4560262755D8009BB030 /* EndPoint */ = {
			isa = PBXGroup;
			children = (
				AD76C5F3262496C500DC4B47 /* EndPoint.swift */,
				AD35EF5826258C7D005E7272 /* EndPointCommon */,
			);
			path = EndPoint;
			sourceTree = "<group>";
		};
		AD76E35426299E6800328CD0 /* Interfaces */ = {
			isa = PBXGroup;
			children = (
				AD76E35526299E7F00328CD0 /* CellIdentifiable.swift */,
				AD76E35826299E9800328CD0 /* ModelRepresentable.swift */,
			);
			path = Interfaces;
			sourceTree = "<group>";
		};
		ADA12C222628B253001A756A /* CurrencySections */ = {
			isa = PBXGroup;
			children = (
				876FCB5025F67A9B0096F519 /* CurrencyHeaderView.swift */,
			);
			path = CurrencySections;
			sourceTree = "<group>";
		};
		E99ED9A82626376000881C7E /* Models */ = {
			isa = PBXGroup;
			children = (
				AD76E35426299E6800328CD0 /* Interfaces */,
				E99ED9A92626381B00881C7E /* Cell */,
			);
			path = Models;
			sourceTree = "<group>";
		};
		E99ED9A92626381B00881C7E /* Cell */ = {
			isa = PBXGroup;
			children = (
				E99ED9AA2626385200881C7E /* BaseCellModel.swift */,
				AD35EF7E2626CE83005E7272 /* CurrencyMainCellModel.swift */,
				ADA12C1F2628AEB5001A756A /* CurrencyLoadCellModel.swift */,
			);
			path = Cell;
			sourceTree = "<group>";
		};
		E9A9B57C262B407700C4153C /*  Views */ = {
			isa = PBXGroup;
			children = (
				ADA12C222628B253001A756A /* CurrencySections */,
				AD35EF812626D2D5005E7272 /* CurrencyCells */,
				E99ED9A82626376000881C7E /* Models */,
			);
			path = " Views";
			sourceTree = "<group>";
		};
/* End PBXGroup section */

/* Begin PBXNativeTarget section */
		871D609C25F5235800F9EE94 /* Coins */ = {
			isa = PBXNativeTarget;
			buildConfigurationList = 871D60B125F5235900F9EE94 /* Build configuration list for PBXNativeTarget "Coins" */;
			buildPhases = (
				871D609925F5235800F9EE94 /* Sources */,
				871D609A25F5235800F9EE94 /* Frameworks */,
				871D609B25F5235800F9EE94 /* Resources */,
			);
			buildRules = (
			);
			dependencies = (
			);
			name = Coins;
			productName = Coins;
			productReference = 871D609D25F5235800F9EE94 /* Coins.app */;
			productType = "com.apple.product-type.application";
		};
/* End PBXNativeTarget section */

/* Begin PBXProject section */
		871D609525F5235800F9EE94 /* Project object */ = {
			isa = PBXProject;
			attributes = {
				LastSwiftUpdateCheck = 1240;
				LastUpgradeCheck = 1240;
				TargetAttributes = {
					871D609C25F5235800F9EE94 = {
						CreatedOnToolsVersion = 12.4;
					};
				};
			};
			buildConfigurationList = 871D609825F5235800F9EE94 /* Build configuration list for PBXProject "Coins" */;
			compatibilityVersion = "Xcode 9.3";
			developmentRegion = en;
			hasScannedForEncodings = 0;
			knownRegions = (
				en,
				Base,
			);
			mainGroup = 871D609425F5235800F9EE94;
			productRefGroup = 871D609E25F5235800F9EE94 /* Products */;
			projectDirPath = "";
			projectRoot = "";
			targets = (
				871D609C25F5235800F9EE94 /* Coins */,
			);
		};
/* End PBXProject section */

/* Begin PBXResourcesBuildPhase section */
		871D609B25F5235800F9EE94 /* Resources */ = {
			isa = PBXResourcesBuildPhase;
			buildActionMask = 2147483647;
			files = (
				AD092064262731E8006A273D /* .gitignore in Resources */,
				871D60AD25F5235900F9EE94 /* LaunchScreen.storyboard in Resources */,
				871D60AA25F5235900F9EE94 /* Assets.xcassets in Resources */,
			);
			runOnlyForDeploymentPostprocessing = 0;
		};
/* End PBXResourcesBuildPhase section */

/* Begin PBXSourcesBuildPhase section */
		871D609925F5235800F9EE94 /* Sources */ = {
			isa = PBXSourcesBuildPhase;
			buildActionMask = 2147483647;
			files = (
				AD76C5F4262496C500DC4B47 /* EndPoint.swift in Sources */,
				AD35EF7A2625F949005E7272 /* CurrencyListInteractor.swift in Sources */,
				AD3BF02B262DC47800A2FDB1 /* Router.swift in Sources */,
				876FCB5125F67A9B0096F519 /* CurrencyHeaderView.swift in Sources */,
				AD35EF772625F3B2005E7272 /* CurrencyListPresenter.swift in Sources */,
				AD35EF742625F290005E7272 /* CurrencyListViewController.swift in Sources */,
				AD35EF5A26258CBA005E7272 /* RestEndPointType.swift in Sources */,
				AD4F454B26274BD6009BB030 /* CurrencyListInteractorProtocol.swift in Sources */,
				871D60A125F5235800F9EE94 /* AppDelegate.swift in Sources */,
				AD76E35626299E7F00328CD0 /* CellIdentifiable.swift in Sources */,
				AD35EF872626D4EB005E7272 /* CurrencyMainViewCell.swift in Sources */,
				AD3BF02E262DC55C00A2FDB1 /* RequestManager.swift in Sources */,
				871D60A325F5235800F9EE94 /* SceneDelegate.swift in Sources */,
				AD35EF832626D309005E7272 /* CurrencyBaseViewCell.swift in Sources */,
				ADED9C56262D6954002F50DA /* Usd.swift in Sources */,
				AD3BF036262DDF5F00A2FDB1 /* CurrencyService.swift in Sources */,
				AD4F454726274B1B009BB030 /* CurrencyListConfiguratorProtocol.swift in Sources */,
				AD3BF04E262EF95F00A2FDB1 /* DataReceiverInterface.swift in Sources */,
				ADED9C50262D6936002F50DA /* Currency.swift in Sources */,
				AD76E35926299E9800328CD0 /* ModelRepresentable.swift in Sources */,
				AD4F454E26274C11009BB030 /* CurrencyListPresenterProtocol.swift in Sources */,
				ADA12C202628AEB5001A756A /* CurrencyLoadCellModel.swift in Sources */,
				ADED9C4D262D6926002F50DA /* CurrencyList.swift in Sources */,
				AD35EF5E26258D24005E7272 /* HTTPMethod.swift in Sources */,
				ADA12C1D2628A5DD001A756A /* CurrencyLoadViewCell.swift in Sources */,
				AD35EF7F2626CE83005E7272 /* CurrencyMainCellModel.swift in Sources */,
				AD3BF027262DC01E00A2FDB1 /* NetworkService.swift in Sources */,
				E99ED9AB2626385200881C7E /* BaseCellModel.swift in Sources */,
				87D2959325F78FFE00499BB4 /* Double+rounded.swift in Sources */,
				AD35EF652625B80E005E7272 /* CurrencyListCounter.swift in Sources */,
				AD4F455126274C38009BB030 /* CurrencyListViewProtocol.swift in Sources */,
				871D60CA25F5665900F9EE94 /* UIView+Constraints.swift in Sources */,
				ADED9C53262D6946002F50DA /* Quote.swift in Sources */,
				AD35EF702625F210005E7272 /* CurrencyListConfigurator.swift in Sources */,
			);
			runOnlyForDeploymentPostprocessing = 0;
		};
/* End PBXSourcesBuildPhase section */

/* Begin PBXVariantGroup section */
		871D60AB25F5235900F9EE94 /* LaunchScreen.storyboard */ = {
			isa = PBXVariantGroup;
			children = (
				871D60AC25F5235900F9EE94 /* Base */,
			);
			name = LaunchScreen.storyboard;
			sourceTree = "<group>";
		};
/* End PBXVariantGroup section */

/* Begin XCBuildConfiguration section */
		871D60AF25F5235900F9EE94 /* Debug */ = {
			isa = XCBuildConfiguration;
			buildSettings = {
				ALWAYS_SEARCH_USER_PATHS = NO;
				CLANG_ANALYZER_NONNULL = YES;
				CLANG_ANALYZER_NUMBER_OBJECT_CONVERSION = YES_AGGRESSIVE;
				CLANG_CXX_LANGUAGE_STANDARD = "gnu++14";
				CLANG_CXX_LIBRARY = "libc++";
				CLANG_ENABLE_MODULES = YES;
				CLANG_ENABLE_OBJC_ARC = YES;
				CLANG_ENABLE_OBJC_WEAK = YES;
				CLANG_WARN_BLOCK_CAPTURE_AUTORELEASING = YES;
				CLANG_WARN_BOOL_CONVERSION = YES;
				CLANG_WARN_COMMA = YES;
				CLANG_WARN_CONSTANT_CONVERSION = YES;
				CLANG_WARN_DEPRECATED_OBJC_IMPLEMENTATIONS = YES;
				CLANG_WARN_DIRECT_OBJC_ISA_USAGE = YES_ERROR;
				CLANG_WARN_DOCUMENTATION_COMMENTS = YES;
				CLANG_WARN_EMPTY_BODY = YES;
				CLANG_WARN_ENUM_CONVERSION = YES;
				CLANG_WARN_INFINITE_RECURSION = YES;
				CLANG_WARN_INT_CONVERSION = YES;
				CLANG_WARN_NON_LITERAL_NULL_CONVERSION = YES;
				CLANG_WARN_OBJC_IMPLICIT_RETAIN_SELF = YES;
				CLANG_WARN_OBJC_LITERAL_CONVERSION = YES;
				CLANG_WARN_OBJC_ROOT_CLASS = YES_ERROR;
				CLANG_WARN_QUOTED_INCLUDE_IN_FRAMEWORK_HEADER = YES;
				CLANG_WARN_RANGE_LOOP_ANALYSIS = YES;
				CLANG_WARN_STRICT_PROTOTYPES = YES;
				CLANG_WARN_SUSPICIOUS_MOVE = YES;
				CLANG_WARN_UNGUARDED_AVAILABILITY = YES_AGGRESSIVE;
				CLANG_WARN_UNREACHABLE_CODE = YES;
				CLANG_WARN__DUPLICATE_METHOD_MATCH = YES;
				COPY_PHASE_STRIP = NO;
				DEBUG_INFORMATION_FORMAT = dwarf;
				ENABLE_STRICT_OBJC_MSGSEND = YES;
				ENABLE_TESTABILITY = YES;
				GCC_C_LANGUAGE_STANDARD = gnu11;
				GCC_DYNAMIC_NO_PIC = NO;
				GCC_NO_COMMON_BLOCKS = YES;
				GCC_OPTIMIZATION_LEVEL = 0;
				GCC_PREPROCESSOR_DEFINITIONS = (
					"DEBUG=1",
					"$(inherited)",
				);
				GCC_WARN_64_TO_32_BIT_CONVERSION = YES;
				GCC_WARN_ABOUT_RETURN_TYPE = YES_ERROR;
				GCC_WARN_UNDECLARED_SELECTOR = YES;
				GCC_WARN_UNINITIALIZED_AUTOS = YES_AGGRESSIVE;
				GCC_WARN_UNUSED_FUNCTION = YES;
				GCC_WARN_UNUSED_VARIABLE = YES;
				IPHONEOS_DEPLOYMENT_TARGET = 14.4;
				MTL_ENABLE_DEBUG_INFO = INCLUDE_SOURCE;
				MTL_FAST_MATH = YES;
				ONLY_ACTIVE_ARCH = YES;
				SDKROOT = iphoneos;
				SWIFT_ACTIVE_COMPILATION_CONDITIONS = DEBUG;
				SWIFT_OPTIMIZATION_LEVEL = "-Onone";
			};
			name = Debug;
		};
		871D60B025F5235900F9EE94 /* Release */ = {
			isa = XCBuildConfiguration;
			buildSettings = {
				ALWAYS_SEARCH_USER_PATHS = NO;
				CLANG_ANALYZER_NONNULL = YES;
				CLANG_ANALYZER_NUMBER_OBJECT_CONVERSION = YES_AGGRESSIVE;
				CLANG_CXX_LANGUAGE_STANDARD = "gnu++14";
				CLANG_CXX_LIBRARY = "libc++";
				CLANG_ENABLE_MODULES = YES;
				CLANG_ENABLE_OBJC_ARC = YES;
				CLANG_ENABLE_OBJC_WEAK = YES;
				CLANG_WARN_BLOCK_CAPTURE_AUTORELEASING = YES;
				CLANG_WARN_BOOL_CONVERSION = YES;
				CLANG_WARN_COMMA = YES;
				CLANG_WARN_CONSTANT_CONVERSION = YES;
				CLANG_WARN_DEPRECATED_OBJC_IMPLEMENTATIONS = YES;
				CLANG_WARN_DIRECT_OBJC_ISA_USAGE = YES_ERROR;
				CLANG_WARN_DOCUMENTATION_COMMENTS = YES;
				CLANG_WARN_EMPTY_BODY = YES;
				CLANG_WARN_ENUM_CONVERSION = YES;
				CLANG_WARN_INFINITE_RECURSION = YES;
				CLANG_WARN_INT_CONVERSION = YES;
				CLANG_WARN_NON_LITERAL_NULL_CONVERSION = YES;
				CLANG_WARN_OBJC_IMPLICIT_RETAIN_SELF = YES;
				CLANG_WARN_OBJC_LITERAL_CONVERSION = YES;
				CLANG_WARN_OBJC_ROOT_CLASS = YES_ERROR;
				CLANG_WARN_QUOTED_INCLUDE_IN_FRAMEWORK_HEADER = YES;
				CLANG_WARN_RANGE_LOOP_ANALYSIS = YES;
				CLANG_WARN_STRICT_PROTOTYPES = YES;
				CLANG_WARN_SUSPICIOUS_MOVE = YES;
				CLANG_WARN_UNGUARDED_AVAILABILITY = YES_AGGRESSIVE;
				CLANG_WARN_UNREACHABLE_CODE = YES;
				CLANG_WARN__DUPLICATE_METHOD_MATCH = YES;
				COPY_PHASE_STRIP = NO;
				DEBUG_INFORMATION_FORMAT = "dwarf-with-dsym";
				ENABLE_NS_ASSERTIONS = NO;
				ENABLE_STRICT_OBJC_MSGSEND = YES;
				GCC_C_LANGUAGE_STANDARD = gnu11;
				GCC_NO_COMMON_BLOCKS = YES;
				GCC_WARN_64_TO_32_BIT_CONVERSION = YES;
				GCC_WARN_ABOUT_RETURN_TYPE = YES_ERROR;
				GCC_WARN_UNDECLARED_SELECTOR = YES;
				GCC_WARN_UNINITIALIZED_AUTOS = YES_AGGRESSIVE;
				GCC_WARN_UNUSED_FUNCTION = YES;
				GCC_WARN_UNUSED_VARIABLE = YES;
				IPHONEOS_DEPLOYMENT_TARGET = 14.4;
				MTL_ENABLE_DEBUG_INFO = NO;
				MTL_FAST_MATH = YES;
				SDKROOT = iphoneos;
				SWIFT_COMPILATION_MODE = wholemodule;
				SWIFT_OPTIMIZATION_LEVEL = "-O";
				VALIDATE_PRODUCT = YES;
			};
			name = Release;
		};
		871D60B225F5235900F9EE94 /* Debug */ = {
			isa = XCBuildConfiguration;
			buildSettings = {
				ASSETCATALOG_COMPILER_APPICON_NAME = AppIcon;
				ASSETCATALOG_COMPILER_GLOBAL_ACCENT_COLOR_NAME = AccentColor;
				CODE_SIGN_STYLE = Automatic;
				DEVELOPMENT_TEAM = 3S7282465J;
				INFOPLIST_FILE = Coins/Resources/Info.plist;
				IPHONEOS_DEPLOYMENT_TARGET = 13.0;
				LD_RUNPATH_SEARCH_PATHS = (
					"$(inherited)",
					"@executable_path/Frameworks",
				);
				PRODUCT_BUNDLE_IDENTIFIER = maxonDevelopment.Coins;
				PRODUCT_NAME = "$(TARGET_NAME)";
				SWIFT_VERSION = 5.0;
				TARGETED_DEVICE_FAMILY = 1;
			};
			name = Debug;
		};
		871D60B325F5235900F9EE94 /* Release */ = {
			isa = XCBuildConfiguration;
			buildSettings = {
				ASSETCATALOG_COMPILER_APPICON_NAME = AppIcon;
				ASSETCATALOG_COMPILER_GLOBAL_ACCENT_COLOR_NAME = AccentColor;
				CODE_SIGN_STYLE = Automatic;
				DEVELOPMENT_TEAM = 3S7282465J;
				INFOPLIST_FILE = Coins/Resources/Info.plist;
				IPHONEOS_DEPLOYMENT_TARGET = 13.0;
				LD_RUNPATH_SEARCH_PATHS = (
					"$(inherited)",
					"@executable_path/Frameworks",
				);
				PRODUCT_BUNDLE_IDENTIFIER = maxonDevelopment.Coins;
				PRODUCT_NAME = "$(TARGET_NAME)";
				SWIFT_VERSION = 5.0;
				TARGETED_DEVICE_FAMILY = 1;
			};
			name = Release;
		};
/* End XCBuildConfiguration section */

/* Begin XCConfigurationList section */
		871D609825F5235800F9EE94 /* Build configuration list for PBXProject "Coins" */ = {
			isa = XCConfigurationList;
			buildConfigurations = (
				871D60AF25F5235900F9EE94 /* Debug */,
				871D60B025F5235900F9EE94 /* Release */,
			);
			defaultConfigurationIsVisible = 0;
			defaultConfigurationName = Release;
		};
		871D60B125F5235900F9EE94 /* Build configuration list for PBXNativeTarget "Coins" */ = {
			isa = XCConfigurationList;
			buildConfigurations = (
				871D60B225F5235900F9EE94 /* Debug */,
				871D60B325F5235900F9EE94 /* Release */,
			);
			defaultConfigurationIsVisible = 0;
			defaultConfigurationName = Release;
		};
/* End XCConfigurationList section */
	};
	rootObject = 871D609525F5235800F9EE94 /* Project object */;
}
